
Microsoft Visual Studio Solution File, Format Version 12.00
# Visual Studio Version 17
VisualStudioVersion = 17.1.32210.238
MinimumVisualStudioVersion = 10.0.40219.1
Project("{9A19103F-16F7-4668-BE54-9A1E7A4F7556}") = "car", "car\car.csproj", "{183271EC-B0B3-4BDA-9C36-8230850A7664}"
EndProject
Project("{FAE04EC0-301F-11D3-BF4B-00C04F79EFBC}") = "Cars.BLL", "qqq\Cars.BLL.csproj", "{C9D708FB-4896-4EAA-BB4A-0FD8BB626CEB}"
EndProject
Global
	GlobalSection(SolutionConfigurationPlatforms) = preSolution
		Debug|Any CPU = Debug|Any CPU
		Release|Any CPU = Release|Any CPU
	EndGlobalSection
	GlobalSection(ProjectConfigurationPlatforms) = postSolution
		{183271EC-B0B3-4BDA-9C36-8230850A7664}.Debug|Any CPU.ActiveCfg = Debug|Any CPU
		{183271EC-B0B3-4BDA-9C36-8230850A7664}.Debug|Any CPU.Build.0 = Debug|Any CPU
		{183271EC-B0B3-4BDA-9C36-8230850A7664}.Release|Any CPU.ActiveCfg = Release|Any CPU
		{183271EC-B0B3-4BDA-9C36-8230850A7664}.Release|Any CPU.Build.0 = Release|Any CPU
		{C9D708FB-4896-4EAA-BB4A-0FD8BB626CEB}.Debug|Any CPU.ActiveCfg = Debug|Any CPU
		{C9D708FB-4896-4EAA-BB4A-0FD8BB626CEB}.Debug|Any CPU.Build.0 = Debug|Any CPU
		{C9D708FB-4896-4EAA-BB4A-0FD8BB626CEB}.Release|Any CPU.ActiveCfg = Release|Any CPU
		{C9D708FB-4896-4EAA-BB4A-0FD8BB626CEB}.Release|Any CPU.Build.0 = Release|Any CPU
	EndGlobalSection
	GlobalSection(SolutionProperties) = preSolution
		HideSolutionNode = FALSE
	EndGlobalSection
	GlobalSection(ExtensibilityGlobals) = postSolution
		SolutionGuid = {E0F0BC18-8B63-4CEA-8D1A-E2AFDC233D40}
	EndGlobalSection
EndGlobal
